
Microsoft Visual Studio Solution File, Format Version 12.00
# Visual Studio Version 17
VisualStudioVersion = 17.2.32630.192
MinimumVisualStudioVersion = 10.0.40219.1
Project("{FAE04EC0-301F-11D3-BF4B-00C04F79EFBC}") = "Sort1", "Sort1\Sort1.csproj", "{C35BBF3E-0449-433E-881B-3D56118833D8}"
EndProject
Global
	GlobalSection(SolutionConfigurationPlatforms) = preSolution
		Debug|Any CPU = Debug|Any CPU
		Release|Any CPU = Release|Any CPU
	EndGlobalSection
	GlobalSection(ProjectConfigurationPlatforms) = postSolution
		{C35BBF3E-0449-433E-881B-3D56118833D8}.Debug|Any CPU.ActiveCfg = Debug|Any CPU
		{C35BBF3E-0449-433E-881B-3D56118833D8}.Debug|Any CPU.Build.0 = Debug|Any CPU
		{C35BBF3E-0449-433E-881B-3D56118833D8}.Release|Any CPU.ActiveCfg = Release|Any CPU
		{C35BBF3E-0449-433E-881B-3D56118833D8}.Release|Any CPU.Build.0 = Release|Any CPU
	EndGlobalSection
	GlobalSection(SolutionProperties) = preSolution
		HideSolutionNode = FALSE
	EndGlobalSection
	GlobalSection(ExtensibilityGlobals) = postSolution
		SolutionGuid = {07AFABE2-669B-42E5-905E-157000BC9C0A}
	EndGlobalSection
EndGlobal
